
Microsoft Visual Studio Solution File, Format Version 12.00
# Visual Studio Version 17
VisualStudioVersion = 17.0.31903.59
MinimumVisualStudioVersion = 10.0.40219.1
Project("{2150E333-8FDC-42A3-9474-1A3956D46DE8}") = "src", "src", "{827E0CD3-B72D-47B6-A68D-7590B98EB39B}"
EndProject
Project("{2150E333-8FDC-42A3-9474-1A3956D46DE8}") = "Services", "Services", "{984BB9B3-3FA3-BE33-9484-CAC21695A33C}"
EndProject
Project("{2150E333-8FDC-42A3-9474-1A3956D46DE8}") = "ECommerce.StockService", "ECommerce.StockService", "{ECE10465-E0A4-3CDA-AF8F-044E4DB31ED7}"
EndProject
Project("{2150E333-8FDC-42A3-9474-1A3956D46DE8}") = "1-Presentation", "1-Presentation", "{960DD5A5-A28F-1F81-D72B-A83B090FF98E}"
EndProject
Project("{FAE04EC0-301F-11D3-BF4B-00C04F79EFBC}") = "ECommerce.StockService.API", "src\Services\ECommerce.StockService\1-Presentation\ECommerce.StockService.API\ECommerce.StockService.API.csproj", "{505CB568-3E74-4633-B6B9-EFE1FE0606AA}"
EndProject
Project("{2150E333-8FDC-42A3-9474-1A3956D46DE8}") = "2-Domain", "2-Domain", "{AF707858-66CD-421A-581F-C71E1A79154D}"
EndProject
Project("{FAE04EC0-301F-11D3-BF4B-00C04F79EFBC}") = "ECommerce.StockService.Domain.Core", "src\Services\ECommerce.StockService\2-Domain\ECommerce.StockService.Domain.Core\ECommerce.StockService.Domain.Core.csproj", "{56252DDB-0084-4933-A444-DC7B850D1DAD}"
EndProject
Project("{FAE04EC0-301F-11D3-BF4B-00C04F79EFBC}") = "ECommerce.StockService.Domain.Application", "src\Services\ECommerce.StockService\2-Domain\ECommerce.StockService.Domain.Application\ECommerce.StockService.Domain.Application.csproj", "{78EC28BF-C378-4B64-9A7B-C2BB4CEDB650}"
EndProject
Project("{2150E333-8FDC-42A3-9474-1A3956D46DE8}") = "3-Infrastructure", "3-Infrastructure", "{11C6E73D-1D2C-BE34-FB4E-F4E5D84F5CF8}"
EndProject
Project("{FAE04EC0-301F-11D3-BF4B-00C04F79EFBC}") = "ECommerce.StockService.Infrastructure.Data", "src\Services\ECommerce.StockService\3-Infrastructure\ECommerce.StockService.Infrastructure.Data\ECommerce.StockService.Infrastructure.Data.csproj", "{78AFDD92-6A46-4D5D-B7AF-92AB0A2EDB25}"
EndProject
Project("{FAE04EC0-301F-11D3-BF4B-00C04F79EFBC}") = "ECommerce.StockService.Infrastructure.Services", "src\Services\ECommerce.StockService\3-Infrastructure\ECommerce.StockService.Infrastructure.Services\ECommerce.StockService.Infrastructure.Services.csproj", "{1C7442EA-03B2-4B0A-88AA-8BF369CCAB78}"
EndProject
Project("{2150E333-8FDC-42A3-9474-1A3956D46DE8}") = "4-CrossCutting", "4-CrossCutting", "{D8BBA66F-DA9D-EF97-4F04-FEC59FBA1E4C}"
EndProject
Project("{FAE04EC0-301F-11D3-BF4B-00C04F79EFBC}") = "ECommerce.StockService.CrossCutting.Exceptions", "src\Services\ECommerce.StockService\4-CrossCutting\ECommerce.StockService.CrossCutting.Exceptions\ECommerce.StockService.CrossCutting.Exceptions.csproj", "{974D1C54-8F6D-4A76-8D87-C474BE1E19B9}"
EndProject
Project("{2150E333-8FDC-42A3-9474-1A3956D46DE8}") = "5-Test", "5-Test", "{BBB66FF2-A9B8-881A-17BE-2A69C3E2B6A5}"
EndProject
Project("{FAE04EC0-301F-11D3-BF4B-00C04F79EFBC}") = "ECommerce.StockService.Tests", "src\Services\ECommerce.StockService\5-Test\ECommerce.StockService.Tests\ECommerce.StockService.Tests.csproj", "{72B9AACE-E624-475C-8CFE-134BB7F7CB86}"
EndProject
Project("{2150E333-8FDC-42A3-9474-1A3956D46DE8}") = "ECommerce.SalesService", "ECommerce.SalesService", "{54CC9CC5-ABD1-44BD-A7DD-DCD6C2AB404C}"
EndProject
Project("{2150E333-8FDC-42A3-9474-1A3956D46DE8}") = "1-Presentation", "1-Presentation", "{2C99221C-11DB-407E-9984-7A604B24A7BB}"
EndProject
Project("{2150E333-8FDC-42A3-9474-1A3956D46DE8}") = "2-Domain", "2-Domain", "{56535766-A484-41EE-AC8F-DF78038AAC66}"
EndProject
Project("{2150E333-8FDC-42A3-9474-1A3956D46DE8}") = "3-Infrastructure", "3-Infrastructure", "{4D82CFCE-91F4-4821-8C75-16B6843C4829}"
EndProject
Project("{2150E333-8FDC-42A3-9474-1A3956D46DE8}") = "4-CrossCutting", "4-CrossCutting", "{B5573013-3B2E-46EC-866E-1A56E52152E3}"
EndProject
Project("{2150E333-8FDC-42A3-9474-1A3956D46DE8}") = "5-Test", "5-Test", "{263A546A-7E10-4DA0-BA7C-0DF16CD9D6C0}"
EndProject
Project("{FAE04EC0-301F-11D3-BF4B-00C04F79EFBC}") = "ECommerce.SalesService.API", "src\Services\ECommerce.SalesService.API\ECommerce.SalesService.API.csproj", "{0E25B3A0-9BB6-42E7-8638-8648E7B77765}"
EndProject
Project("{FAE04EC0-301F-11D3-BF4B-00C04F79EFBC}") = "ECommerce.SalesService.Domain.Application", "src\Services\ECommerce.SalesService.Domain.Application\ECommerce.SalesService.Domain.Application.csproj", "{C0790E2A-F465-41A7-8F26-D4179F375EBC}"
EndProject
Project("{FAE04EC0-301F-11D3-BF4B-00C04F79EFBC}") = "ECommerce.SalesService.Domain.Core", "src\Services\ECommerce.SalesService.Domain.Core\ECommerce.SalesService.Domain.Core.csproj", "{986225C9-6DF7-4B2A-9A94-99A0D97AB4BD}"
EndProject
Project("{FAE04EC0-301F-11D3-BF4B-00C04F79EFBC}") = "ECommerce.SalesService.CrossCutting.Exceptions", "src\Services\ECommerce.SalesService.CrossCutting.Exceptions\ECommerce.SalesService.CrossCutting.Exceptions.csproj", "{5481314F-1430-4E52-AFFB-895F84AB3D7B}"
EndProject
Project("{FAE04EC0-301F-11D3-BF4B-00C04F79EFBC}") = "ECommerce.SalesService.Tests", "src\Services\ECommerce.SalesService.Tests\ECommerce.SalesService.Tests.csproj", "{FFB7C300-7C33-4DA9-8B33-BEE4968BB589}"
EndProject
Project("{FAE04EC0-301F-11D3-BF4B-00C04F79EFBC}") = "ECommerce.SalesService.Infrastructure.Data", "src\Services\ECommerce.SalesService.Infrastructure.Data\ECommerce.SalesService.Infrastructure.Data.csproj", "{11039F5A-A9EC-4C66-870C-54DD68137CAE}"
EndProject
Project("{FAE04EC0-301F-11D3-BF4B-00C04F79EFBC}") = "ECommerce.SalesService.Infrastructure.Services", "src\Services\ECommerce.SalesService.Infrastructure.Services\ECommerce.SalesService.Infrastructure.Services.csproj", "{CD12739F-3B75-4850-AAC1-F8C803A89C80}"
EndProject
Global
	GlobalSection(SolutionConfigurationPlatforms) = preSolution
		Debug|Any CPU = Debug|Any CPU
		Debug|x64 = Debug|x64
		Debug|x86 = Debug|x86
		Release|Any CPU = Release|Any CPU
		Release|x64 = Release|x64
		Release|x86 = Release|x86
	EndGlobalSection
	GlobalSection(ProjectConfigurationPlatforms) = postSolution
		{505CB568-3E74-4633-B6B9-EFE1FE0606AA}.Debug|Any CPU.ActiveCfg = Debug|Any CPU
		{505CB568-3E74-4633-B6B9-EFE1FE0606AA}.Debug|Any CPU.Build.0 = Debug|Any CPU
		{505CB568-3E74-4633-B6B9-EFE1FE0606AA}.Debug|x64.ActiveCfg = Debug|Any CPU
		{505CB568-3E74-4633-B6B9-EFE1FE0606AA}.Debug|x64.Build.0 = Debug|Any CPU
		{505CB568-3E74-4633-B6B9-EFE1FE0606AA}.Debug|x86.ActiveCfg = Debug|Any CPU
		{505CB568-3E74-4633-B6B9-EFE1FE0606AA}.Debug|x86.Build.0 = Debug|Any CPU
		{505CB568-3E74-4633-B6B9-EFE1FE0606AA}.Release|Any CPU.ActiveCfg = Release|Any CPU
		{505CB568-3E74-4633-B6B9-EFE1FE0606AA}.Release|Any CPU.Build.0 = Release|Any CPU
		{505CB568-3E74-4633-B6B9-EFE1FE0606AA}.Release|x64.ActiveCfg = Release|Any CPU
		{505CB568-3E74-4633-B6B9-EFE1FE0606AA}.Release|x64.Build.0 = Release|Any CPU
		{505CB568-3E74-4633-B6B9-EFE1FE0606AA}.Release|x86.ActiveCfg = Release|Any CPU
		{505CB568-3E74-4633-B6B9-EFE1FE0606AA}.Release|x86.Build.0 = Release|Any CPU
		{56252DDB-0084-4933-A444-DC7B850D1DAD}.Debug|Any CPU.ActiveCfg = Debug|Any CPU
		{56252DDB-0084-4933-A444-DC7B850D1DAD}.Debug|Any CPU.Build.0 = Debug|Any CPU
		{56252DDB-0084-4933-A444-DC7B850D1DAD}.Debug|x64.ActiveCfg = Debug|Any CPU
		{56252DDB-0084-4933-A444-DC7B850D1DAD}.Debug|x64.Build.0 = Debug|Any CPU
		{56252DDB-0084-4933-A444-DC7B850D1DAD}.Debug|x86.ActiveCfg = Debug|Any CPU
		{56252DDB-0084-4933-A444-DC7B850D1DAD}.Debug|x86.Build.0 = Debug|Any CPU
		{56252DDB-0084-4933-A444-DC7B850D1DAD}.Release|Any CPU.ActiveCfg = Release|Any CPU
		{56252DDB-0084-4933-A444-DC7B850D1DAD}.Release|Any CPU.Build.0 = Release|Any CPU
		{56252DDB-0084-4933-A444-DC7B850D1DAD}.Release|x64.ActiveCfg = Release|Any CPU
		{56252DDB-0084-4933-A444-DC7B850D1DAD}.Release|x64.Build.0 = Release|Any CPU
		{56252DDB-0084-4933-A444-DC7B850D1DAD}.Release|x86.ActiveCfg = Release|Any CPU
		{56252DDB-0084-4933-A444-DC7B850D1DAD}.Release|x86.Build.0 = Release|Any CPU
		{78EC28BF-C378-4B64-9A7B-C2BB4CEDB650}.Debug|Any CPU.ActiveCfg = Debug|Any CPU
		{78EC28BF-C378-4B64-9A7B-C2BB4CEDB650}.Debug|Any CPU.Build.0 = Debug|Any CPU
		{78EC28BF-C378-4B64-9A7B-C2BB4CEDB650}.Debug|x64.ActiveCfg = Debug|Any CPU
		{78EC28BF-C378-4B64-9A7B-C2BB4CEDB650}.Debug|x64.Build.0 = Debug|Any CPU
		{78EC28BF-C378-4B64-9A7B-C2BB4CEDB650}.Debug|x86.ActiveCfg = Debug|Any CPU
		{78EC28BF-C378-4B64-9A7B-C2BB4CEDB650}.Debug|x86.Build.0 = Debug|Any CPU
		{78EC28BF-C378-4B64-9A7B-C2BB4CEDB650}.Release|Any CPU.ActiveCfg = Release|Any CPU
		{78EC28BF-C378-4B64-9A7B-C2BB4CEDB650}.Release|Any CPU.Build.0 = Release|Any CPU
		{78EC28BF-C378-4B64-9A7B-C2BB4CEDB650}.Release|x64.ActiveCfg = Release|Any CPU
		{78EC28BF-C378-4B64-9A7B-C2BB4CEDB650}.Release|x64.Build.0 = Release|Any CPU
		{78EC28BF-C378-4B64-9A7B-C2BB4CEDB650}.Release|x86.ActiveCfg = Release|Any CPU
		{78EC28BF-C378-4B64-9A7B-C2BB4CEDB650}.Release|x86.Build.0 = Release|Any CPU
		{78AFDD92-6A46-4D5D-B7AF-92AB0A2EDB25}.Debug|Any CPU.ActiveCfg = Debug|Any CPU
		{78AFDD92-6A46-4D5D-B7AF-92AB0A2EDB25}.Debug|Any CPU.Build.0 = Debug|Any CPU
		{78AFDD92-6A46-4D5D-B7AF-92AB0A2EDB25}.Debug|x64.ActiveCfg = Debug|Any CPU
		{78AFDD92-6A46-4D5D-B7AF-92AB0A2EDB25}.Debug|x64.Build.0 = Debug|Any CPU
		{78AFDD92-6A46-4D5D-B7AF-92AB0A2EDB25}.Debug|x86.ActiveCfg = Debug|Any CPU
		{78AFDD92-6A46-4D5D-B7AF-92AB0A2EDB25}.Debug|x86.Build.0 = Debug|Any CPU
		{78AFDD92-6A46-4D5D-B7AF-92AB0A2EDB25}.Release|Any CPU.ActiveCfg = Release|Any CPU
		{78AFDD92-6A46-4D5D-B7AF-92AB0A2EDB25}.Release|Any CPU.Build.0 = Release|Any CPU
		{78AFDD92-6A46-4D5D-B7AF-92AB0A2EDB25}.Release|x64.ActiveCfg = Release|Any CPU
		{78AFDD92-6A46-4D5D-B7AF-92AB0A2EDB25}.Release|x64.Build.0 = Release|Any CPU
		{78AFDD92-6A46-4D5D-B7AF-92AB0A2EDB25}.Release|x86.ActiveCfg = Release|Any CPU
		{78AFDD92-6A46-4D5D-B7AF-92AB0A2EDB25}.Release|x86.Build.0 = Release|Any CPU
		{1C7442EA-03B2-4B0A-88AA-8BF369CCAB78}.Debug|Any CPU.ActiveCfg = Debug|Any CPU
		{1C7442EA-03B2-4B0A-88AA-8BF369CCAB78}.Debug|Any CPU.Build.0 = Debug|Any CPU
		{1C7442EA-03B2-4B0A-88AA-8BF369CCAB78}.Debug|x64.ActiveCfg = Debug|Any CPU
		{1C7442EA-03B2-4B0A-88AA-8BF369CCAB78}.Debug|x64.Build.0 = Debug|Any CPU
		{1C7442EA-03B2-4B0A-88AA-8BF369CCAB78}.Debug|x86.ActiveCfg = Debug|Any CPU
		{1C7442EA-03B2-4B0A-88AA-8BF369CCAB78}.Debug|x86.Build.0 = Debug|Any CPU
		{1C7442EA-03B2-4B0A-88AA-8BF369CCAB78}.Release|Any CPU.ActiveCfg = Release|Any CPU
		{1C7442EA-03B2-4B0A-88AA-8BF369CCAB78}.Release|Any CPU.Build.0 = Release|Any CPU
		{1C7442EA-03B2-4B0A-88AA-8BF369CCAB78}.Release|x64.ActiveCfg = Release|Any CPU
		{1C7442EA-03B2-4B0A-88AA-8BF369CCAB78}.Release|x64.Build.0 = Release|Any CPU
		{1C7442EA-03B2-4B0A-88AA-8BF369CCAB78}.Release|x86.ActiveCfg = Release|Any CPU
		{1C7442EA-03B2-4B0A-88AA-8BF369CCAB78}.Release|x86.Build.0 = Release|Any CPU
		{974D1C54-8F6D-4A76-8D87-C474BE1E19B9}.Debug|Any CPU.ActiveCfg = Debug|Any CPU
		{974D1C54-8F6D-4A76-8D87-C474BE1E19B9}.Debug|Any CPU.Build.0 = Debug|Any CPU
		{974D1C54-8F6D-4A76-8D87-C474BE1E19B9}.Debug|x64.ActiveCfg = Debug|Any CPU
		{974D1C54-8F6D-4A76-8D87-C474BE1E19B9}.Debug|x64.Build.0 = Debug|Any CPU
		{974D1C54-8F6D-4A76-8D87-C474BE1E19B9}.Debug|x86.ActiveCfg = Debug|Any CPU
		{974D1C54-8F6D-4A76-8D87-C474BE1E19B9}.Debug|x86.Build.0 = Debug|Any CPU
		{974D1C54-8F6D-4A76-8D87-C474BE1E19B9}.Release|Any CPU.ActiveCfg = Release|Any CPU
		{974D1C54-8F6D-4A76-8D87-C474BE1E19B9}.Release|Any CPU.Build.0 = Release|Any CPU
		{974D1C54-8F6D-4A76-8D87-C474BE1E19B9}.Release|x64.ActiveCfg = Release|Any CPU
		{974D1C54-8F6D-4A76-8D87-C474BE1E19B9}.Release|x64.Build.0 = Release|Any CPU
		{974D1C54-8F6D-4A76-8D87-C474BE1E19B9}.Release|x86.ActiveCfg = Release|Any CPU
		{974D1C54-8F6D-4A76-8D87-C474BE1E19B9}.Release|x86.Build.0 = Release|Any CPU
		{72B9AACE-E624-475C-8CFE-134BB7F7CB86}.Debug|Any CPU.ActiveCfg = Debug|Any CPU
		{72B9AACE-E624-475C-8CFE-134BB7F7CB86}.Debug|Any CPU.Build.0 = Debug|Any CPU
		{72B9AACE-E624-475C-8CFE-134BB7F7CB86}.Debug|x64.ActiveCfg = Debug|Any CPU
		{72B9AACE-E624-475C-8CFE-134BB7F7CB86}.Debug|x64.Build.0 = Debug|Any CPU
		{72B9AACE-E624-475C-8CFE-134BB7F7CB86}.Debug|x86.ActiveCfg = Debug|Any CPU
		{72B9AACE-E624-475C-8CFE-134BB7F7CB86}.Debug|x86.Build.0 = Debug|Any CPU
		{72B9AACE-E624-475C-8CFE-134BB7F7CB86}.Release|Any CPU.ActiveCfg = Release|Any CPU
		{72B9AACE-E624-475C-8CFE-134BB7F7CB86}.Release|Any CPU.Build.0 = Release|Any CPU
		{72B9AACE-E624-475C-8CFE-134BB7F7CB86}.Release|x64.ActiveCfg = Release|Any CPU
		{72B9AACE-E624-475C-8CFE-134BB7F7CB86}.Release|x64.Build.0 = Release|Any CPU
		{72B9AACE-E624-475C-8CFE-134BB7F7CB86}.Release|x86.ActiveCfg = Release|Any CPU
		{72B9AACE-E624-475C-8CFE-134BB7F7CB86}.Release|x86.Build.0 = Release|Any CPU
		{0E25B3A0-9BB6-42E7-8638-8648E7B77765}.Debug|Any CPU.ActiveCfg = Debug|Any CPU
		{0E25B3A0-9BB6-42E7-8638-8648E7B77765}.Debug|Any CPU.Build.0 = Debug|Any CPU
		{0E25B3A0-9BB6-42E7-8638-8648E7B77765}.Debug|x64.ActiveCfg = Debug|Any CPU
		{0E25B3A0-9BB6-42E7-8638-8648E7B77765}.Debug|x64.Build.0 = Debug|Any CPU
		{0E25B3A0-9BB6-42E7-8638-8648E7B77765}.Debug|x86.ActiveCfg = Debug|Any CPU
		{0E25B3A0-9BB6-42E7-8638-8648E7B77765}.Debug|x86.Build.0 = Debug|Any CPU
		{0E25B3A0-9BB6-42E7-8638-8648E7B77765}.Release|Any CPU.ActiveCfg = Release|Any CPU
		{0E25B3A0-9BB6-42E7-8638-8648E7B77765}.Release|Any CPU.Build.0 = Release|Any CPU
		{0E25B3A0-9BB6-42E7-8638-8648E7B77765}.Release|x64.ActiveCfg = Release|Any CPU
		{0E25B3A0-9BB6-42E7-8638-8648E7B77765}.Release|x64.Build.0 = Release|Any CPU
		{0E25B3A0-9BB6-42E7-8638-8648E7B77765}.Release|x86.ActiveCfg = Release|Any CPU
		{0E25B3A0-9BB6-42E7-8638-8648E7B77765}.Release|x86.Build.0 = Release|Any CPU
		{C0790E2A-F465-41A7-8F26-D4179F375EBC}.Debug|Any CPU.ActiveCfg = Debug|Any CPU
		{C0790E2A-F465-41A7-8F26-D4179F375EBC}.Debug|Any CPU.Build.0 = Debug|Any CPU
		{C0790E2A-F465-41A7-8F26-D4179F375EBC}.Debug|x64.ActiveCfg = Debug|Any CPU
		{C0790E2A-F465-41A7-8F26-D4179F375EBC}.Debug|x64.Build.0 = Debug|Any CPU
		{C0790E2A-F465-41A7-8F26-D4179F375EBC}.Debug|x86.ActiveCfg = Debug|Any CPU
		{C0790E2A-F465-41A7-8F26-D4179F375EBC}.Debug|x86.Build.0 = Debug|Any CPU
		{C0790E2A-F465-41A7-8F26-D4179F375EBC}.Release|Any CPU.ActiveCfg = Release|Any CPU
		{C0790E2A-F465-41A7-8F26-D4179F375EBC}.Release|Any CPU.Build.0 = Release|Any CPU
		{C0790E2A-F465-41A7-8F26-D4179F375EBC}.Release|x64.ActiveCfg = Release|Any CPU
		{C0790E2A-F465-41A7-8F26-D4179F375EBC}.Release|x64.Build.0 = Release|Any CPU
		{C0790E2A-F465-41A7-8F26-D4179F375EBC}.Release|x86.ActiveCfg = Release|Any CPU
		{C0790E2A-F465-41A7-8F26-D4179F375EBC}.Release|x86.Build.0 = Release|Any CPU
		{986225C9-6DF7-4B2A-9A94-99A0D97AB4BD}.Debug|Any CPU.ActiveCfg = Debug|Any CPU
		{986225C9-6DF7-4B2A-9A94-99A0D97AB4BD}.Debug|Any CPU.Build.0 = Debug|Any CPU
		{986225C9-6DF7-4B2A-9A94-99A0D97AB4BD}.Debug|x64.ActiveCfg = Debug|Any CPU
		{986225C9-6DF7-4B2A-9A94-99A0D97AB4BD}.Debug|x64.Build.0 = Debug|Any CPU
		{986225C9-6DF7-4B2A-9A94-99A0D97AB4BD}.Debug|x86.ActiveCfg = Debug|Any CPU
		{986225C9-6DF7-4B2A-9A94-99A0D97AB4BD}.Debug|x86.Build.0 = Debug|Any CPU
		{986225C9-6DF7-4B2A-9A94-99A0D97AB4BD}.Release|Any CPU.ActiveCfg = Release|Any CPU
		{986225C9-6DF7-4B2A-9A94-99A0D97AB4BD}.Release|Any CPU.Build.0 = Release|Any CPU
		{986225C9-6DF7-4B2A-9A94-99A0D97AB4BD}.Release|x64.ActiveCfg = Release|Any CPU
		{986225C9-6DF7-4B2A-9A94-99A0D97AB4BD}.Release|x64.Build.0 = Release|Any CPU
		{986225C9-6DF7-4B2A-9A94-99A0D97AB4BD}.Release|x86.ActiveCfg = Release|Any CPU
		{986225C9-6DF7-4B2A-9A94-99A0D97AB4BD}.Release|x86.Build.0 = Release|Any CPU
		{5481314F-1430-4E52-AFFB-895F84AB3D7B}.Debug|Any CPU.ActiveCfg = Debug|Any CPU
		{5481314F-1430-4E52-AFFB-895F84AB3D7B}.Debug|Any CPU.Build.0 = Debug|Any CPU
		{5481314F-1430-4E52-AFFB-895F84AB3D7B}.Debug|x64.ActiveCfg = Debug|Any CPU
		{5481314F-1430-4E52-AFFB-895F84AB3D7B}.Debug|x64.Build.0 = Debug|Any CPU
		{5481314F-1430-4E52-AFFB-895F84AB3D7B}.Debug|x86.ActiveCfg = Debug|Any CPU
		{5481314F-1430-4E52-AFFB-895F84AB3D7B}.Debug|x86.Build.0 = Debug|Any CPU
		{5481314F-1430-4E52-AFFB-895F84AB3D7B}.Release|Any CPU.ActiveCfg = Release|Any CPU
		{5481314F-1430-4E52-AFFB-895F84AB3D7B}.Release|Any CPU.Build.0 = Release|Any CPU
		{5481314F-1430-4E52-AFFB-895F84AB3D7B}.Release|x64.ActiveCfg = Release|Any CPU
		{5481314F-1430-4E52-AFFB-895F84AB3D7B}.Release|x64.Build.0 = Release|Any CPU
		{5481314F-1430-4E52-AFFB-895F84AB3D7B}.Release|x86.ActiveCfg = Release|Any CPU
		{5481314F-1430-4E52-AFFB-895F84AB3D7B}.Release|x86.Build.0 = Release|Any CPU
		{FFB7C300-7C33-4DA9-8B33-BEE4968BB589}.Debug|Any CPU.ActiveCfg = Debug|Any CPU
		{FFB7C300-7C33-4DA9-8B33-BEE4968BB589}.Debug|Any CPU.Build.0 = Debug|Any CPU
		{FFB7C300-7C33-4DA9-8B33-BEE4968BB589}.Debug|x64.ActiveCfg = Debug|Any CPU
		{FFB7C300-7C33-4DA9-8B33-BEE4968BB589}.Debug|x64.Build.0 = Debug|Any CPU
		{FFB7C300-7C33-4DA9-8B33-BEE4968BB589}.Debug|x86.ActiveCfg = Debug|Any CPU
		{FFB7C300-7C33-4DA9-8B33-BEE4968BB589}.Debug|x86.Build.0 = Debug|Any CPU
		{FFB7C300-7C33-4DA9-8B33-BEE4968BB589}.Release|Any CPU.ActiveCfg = Release|Any CPU
		{FFB7C300-7C33-4DA9-8B33-BEE4968BB589}.Release|Any CPU.Build.0 = Release|Any CPU
		{FFB7C300-7C33-4DA9-8B33-BEE4968BB589}.Release|x64.ActiveCfg = Release|Any CPU
		{FFB7C300-7C33-4DA9-8B33-BEE4968BB589}.Release|x64.Build.0 = Release|Any CPU
		{FFB7C300-7C33-4DA9-8B33-BEE4968BB589}.Release|x86.ActiveCfg = Release|Any CPU
		{FFB7C300-7C33-4DA9-8B33-BEE4968BB589}.Release|x86.Build.0 = Release|Any CPU
		{11039F5A-A9EC-4C66-870C-54DD68137CAE}.Debug|Any CPU.ActiveCfg = Debug|Any CPU
		{11039F5A-A9EC-4C66-870C-54DD68137CAE}.Debug|Any CPU.Build.0 = Debug|Any CPU
		{11039F5A-A9EC-4C66-870C-54DD68137CAE}.Debug|x64.ActiveCfg = Debug|Any CPU
		{11039F5A-A9EC-4C66-870C-54DD68137CAE}.Debug|x64.Build.0 = Debug|Any CPU
		{11039F5A-A9EC-4C66-870C-54DD68137CAE}.Debug|x86.ActiveCfg = Debug|Any CPU
		{11039F5A-A9EC-4C66-870C-54DD68137CAE}.Debug|x86.Build.0 = Debug|Any CPU
		{11039F5A-A9EC-4C66-870C-54DD68137CAE}.Release|Any CPU.ActiveCfg = Release|Any CPU
		{11039F5A-A9EC-4C66-870C-54DD68137CAE}.Release|Any CPU.Build.0 = Release|Any CPU
		{11039F5A-A9EC-4C66-870C-54DD68137CAE}.Release|x64.ActiveCfg = Release|Any CPU
		{11039F5A-A9EC-4C66-870C-54DD68137CAE}.Release|x64.Build.0 = Release|Any CPU
		{11039F5A-A9EC-4C66-870C-54DD68137CAE}.Release|x86.ActiveCfg = Release|Any CPU
		{11039F5A-A9EC-4C66-870C-54DD68137CAE}.Release|x86.Build.0 = Release|Any CPU
		{CD12739F-3B75-4850-AAC1-F8C803A89C80}.Debug|Any CPU.ActiveCfg = Debug|Any CPU
		{CD12739F-3B75-4850-AAC1-F8C803A89C80}.Debug|Any CPU.Build.0 = Debug|Any CPU
		{CD12739F-3B75-4850-AAC1-F8C803A89C80}.Debug|x64.ActiveCfg = Debug|Any CPU
		{CD12739F-3B75-4850-AAC1-F8C803A89C80}.Debug|x64.Build.0 = Debug|Any CPU
		{CD12739F-3B75-4850-AAC1-F8C803A89C80}.Debug|x86.ActiveCfg = Debug|Any CPU
		{CD12739F-3B75-4850-AAC1-F8C803A89C80}.Debug|x86.Build.0 = Debug|Any CPU
		{CD12739F-3B75-4850-AAC1-F8C803A89C80}.Release|Any CPU.ActiveCfg = Release|Any CPU
		{CD12739F-3B75-4850-AAC1-F8C803A89C80}.Release|Any CPU.Build.0 = Release|Any CPU
		{CD12739F-3B75-4850-AAC1-F8C803A89C80}.Release|x64.ActiveCfg = Release|Any CPU
		{CD12739F-3B75-4850-AAC1-F8C803A89C80}.Release|x64.Build.0 = Release|Any CPU
		{CD12739F-3B75-4850-AAC1-F8C803A89C80}.Release|x86.ActiveCfg = Release|Any CPU
		{CD12739F-3B75-4850-AAC1-F8C803A89C80}.Release|x86.Build.0 = Release|Any CPU
	EndGlobalSection
	GlobalSection(SolutionProperties) = preSolution
		HideSolutionNode = FALSE
	EndGlobalSection
	GlobalSection(NestedProjects) = preSolution
		{984BB9B3-3FA3-BE33-9484-CAC21695A33C} = {827E0CD3-B72D-47B6-A68D-7590B98EB39B}
		{ECE10465-E0A4-3CDA-AF8F-044E4DB31ED7} = {984BB9B3-3FA3-BE33-9484-CAC21695A33C}
		{960DD5A5-A28F-1F81-D72B-A83B090FF98E} = {ECE10465-E0A4-3CDA-AF8F-044E4DB31ED7}
		{505CB568-3E74-4633-B6B9-EFE1FE0606AA} = {960DD5A5-A28F-1F81-D72B-A83B090FF98E}
		{AF707858-66CD-421A-581F-C71E1A79154D} = {ECE10465-E0A4-3CDA-AF8F-044E4DB31ED7}
		{56252DDB-0084-4933-A444-DC7B850D1DAD} = {AF707858-66CD-421A-581F-C71E1A79154D}
		{78EC28BF-C378-4B64-9A7B-C2BB4CEDB650} = {AF707858-66CD-421A-581F-C71E1A79154D}
		{11C6E73D-1D2C-BE34-FB4E-F4E5D84F5CF8} = {ECE10465-E0A4-3CDA-AF8F-044E4DB31ED7}
		{78AFDD92-6A46-4D5D-B7AF-92AB0A2EDB25} = {11C6E73D-1D2C-BE34-FB4E-F4E5D84F5CF8}
		{1C7442EA-03B2-4B0A-88AA-8BF369CCAB78} = {11C6E73D-1D2C-BE34-FB4E-F4E5D84F5CF8}
		{D8BBA66F-DA9D-EF97-4F04-FEC59FBA1E4C} = {ECE10465-E0A4-3CDA-AF8F-044E4DB31ED7}
		{974D1C54-8F6D-4A76-8D87-C474BE1E19B9} = {D8BBA66F-DA9D-EF97-4F04-FEC59FBA1E4C}
		{BBB66FF2-A9B8-881A-17BE-2A69C3E2B6A5} = {ECE10465-E0A4-3CDA-AF8F-044E4DB31ED7}
		{72B9AACE-E624-475C-8CFE-134BB7F7CB86} = {BBB66FF2-A9B8-881A-17BE-2A69C3E2B6A5}
		{54CC9CC5-ABD1-44BD-A7DD-DCD6C2AB404C} = {984BB9B3-3FA3-BE33-9484-CAC21695A33C}
		{2C99221C-11DB-407E-9984-7A604B24A7BB} = {54CC9CC5-ABD1-44BD-A7DD-DCD6C2AB404C}
		{56535766-A484-41EE-AC8F-DF78038AAC66} = {54CC9CC5-ABD1-44BD-A7DD-DCD6C2AB404C}
		{4D82CFCE-91F4-4821-8C75-16B6843C4829} = {54CC9CC5-ABD1-44BD-A7DD-DCD6C2AB404C}
		{B5573013-3B2E-46EC-866E-1A56E52152E3} = {54CC9CC5-ABD1-44BD-A7DD-DCD6C2AB404C}
		{263A546A-7E10-4DA0-BA7C-0DF16CD9D6C0} = {54CC9CC5-ABD1-44BD-A7DD-DCD6C2AB404C}
		{0E25B3A0-9BB6-42E7-8638-8648E7B77765} = {2C99221C-11DB-407E-9984-7A604B24A7BB}
		{C0790E2A-F465-41A7-8F26-D4179F375EBC} = {56535766-A484-41EE-AC8F-DF78038AAC66}
		{986225C9-6DF7-4B2A-9A94-99A0D97AB4BD} = {56535766-A484-41EE-AC8F-DF78038AAC66}
		{5481314F-1430-4E52-AFFB-895F84AB3D7B} = {B5573013-3B2E-46EC-866E-1A56E52152E3}
		{FFB7C300-7C33-4DA9-8B33-BEE4968BB589} = {263A546A-7E10-4DA0-BA7C-0DF16CD9D6C0}
		{11039F5A-A9EC-4C66-870C-54DD68137CAE} = {4D82CFCE-91F4-4821-8C75-16B6843C4829}
		{CD12739F-3B75-4850-AAC1-F8C803A89C80} = {4D82CFCE-91F4-4821-8C75-16B6843C4829}
	EndGlobalSection
EndGlobal
